
Microsoft Visual Studio Solution File, Format Version 12.00
# Visual Studio Version 16
VisualStudioVersion = 16.0.30329.158
MinimumVisualStudioVersion = 10.0.40219.1
Project("{FAE04EC0-301F-11D3-BF4B-00C04F79EFBC}") = "LinkedAspNetCoreApplication", "LinkedAspNetCoreApplication\LinkedAspNetCoreApplication.csproj", "{C8402E85-4F0A-48CF-84F2-364EE6DD5FF9}"
EndProject
Global
	GlobalSection(SolutionConfigurationPlatforms) = preSolution
		Debug|Any CPU = Debug|Any CPU
		Release|Any CPU = Release|Any CPU
	EndGlobalSection
	GlobalSection(ProjectConfigurationPlatforms) = postSolution
		{C8402E85-4F0A-48CF-84F2-364EE6DD5FF9}.Debug|Any CPU.ActiveCfg = Debug|Any CPU
		{C8402E85-4F0A-48CF-84F2-364EE6DD5FF9}.Debug|Any CPU.Build.0 = Debug|Any CPU
		{C8402E85-4F0A-48CF-84F2-364EE6DD5FF9}.Release|Any CPU.ActiveCfg = Release|Any CPU
		{C8402E85-4F0A-48CF-84F2-364EE6DD5FF9}.Release|Any CPU.Build.0 = Release|Any CPU
	EndGlobalSection
	GlobalSection(SolutionProperties) = preSolution
		HideSolutionNode = FALSE
	EndGlobalSection
	GlobalSection(ExtensibilityGlobals) = postSolution
		SolutionGuid = {4196C134-14DA-48B5-B62F-5A9237FF34A9}
	EndGlobalSection
EndGlobal
